{
  "name": "starlove-videochat",
  "version": "1.0.0",
  "lockfileVersion": 2,
  "requires": true,
  "packages": {
    "": {
      "name": "starlove-videochat",
      "version": "1.0.0",
      "dependencies": {
        "react": "18.2.0",
        "react-native": "0.71.8",
        "expo": "~48.0.0"
      },
      "devDependencies": {
        "@babel/core": "^7.20.0"
      }
    }
  }
}

